dependencies:
- name: etcd
  repository: https://raw.githubusercontent.com/bitnami/charts/pre-2022/bitnami
  version: 6.3.3
- name: minio
  repository: https://zilliztech.github.io/milvus-helm
  version: 8.0.17
- name: pulsar
  repository: https://pulsar.apache.org/charts
  version: 3.0.0
- name: kafka
  repository: https://raw.githubusercontent.com/bitnami/charts/pre-2022/bitnami
  version: 15.5.1
- name: mysql
  repository: https://raw.githubusercontent.com/bitnami/charts/pre-2022/bitnami
  version: 8.5.3
digest: sha256:113ec3db01ac5f9885164e7c61cc5439bad9bed47d2d258ba41456fb373a61eb
generated: "2023-10-25T16:00:44.308524+08:00"
